dependencies:
- name: kyverno
  repository: https://kyverno.github.io/kyverno/
  version: 3.0.5
- name: policy-reporter
  repository: https://kyverno.github.io/policy-reporter
  version: 2.20.1
digest: sha256:7f45d9ea7f30b5489c9d9b6d1a418c7cc71735a3594fed585cb8f22a768fecfc
generated: "2023-10-17T17:09:38.309096+08:00"
